
Microsoft Visual Studio Solution File, Format Version 12.00
# Visual Studio Version 16
VisualStudioVersion = 16.0.31005.135
MinimumVisualStudioVersion = 10.0.40219.1
Project("{FAE04EC0-301F-11D3-BF4B-00C04F79EFBC}") = "Test Core", "Test Core\Test Core.csproj", "{F14B427F-59BB-41B1-8661-3753D473744A}"
EndProject
Global
	GlobalSection(SolutionConfigurationPlatforms) = preSolution
		Debug|Any CPU = Debug|Any CPU
		Release|Any CPU = Release|Any CPU
	EndGlobalSection
	GlobalSection(ProjectConfigurationPlatforms) = postSolution
		{F14B427F-59BB-41B1-8661-3753D473744A}.Debug|Any CPU.ActiveCfg = Debug|Any CPU
		{F14B427F-59BB-41B1-8661-3753D473744A}.Debug|Any CPU.Build.0 = Debug|Any CPU
		{F14B427F-59BB-41B1-8661-3753D473744A}.Release|Any CPU.ActiveCfg = Release|Any CPU
		{F14B427F-59BB-41B1-8661-3753D473744A}.Release|Any CPU.Build.0 = Release|Any CPU
	EndGlobalSection
	GlobalSection(SolutionProperties) = preSolution
		HideSolutionNode = FALSE
	EndGlobalSection
	GlobalSection(ExtensibilityGlobals) = postSolution
		SolutionGuid = {0301A5E3-2F8D-4DD2-8FD5-BE53A3697364}
	EndGlobalSection
EndGlobal
